
Microsoft Visual Studio Solution File, Format Version 12.00
# Visual Studio 15
VisualStudioVersion = 15.0.26730.12
MinimumVisualStudioVersion = 10.0.40219.1
Project("{FAE04EC0-301F-11D3-BF4B-00C04F79EFBC}") = "WcfSeEvalService", "WcfSeEvalService\WcfSeEvalService.csproj", "{DF9D9AB3-13CB-4046-92A2-21AD1762084C}"
EndProject
Project("{FAE04EC0-301F-11D3-BF4B-00C04F79EFBC}") = "WindowsFormsApp1", "WindowsFormsApp1\WindowsFormsApp1.csproj", "{A71BE853-85AB-4EB9-9CAB-BD7BB8FDE8C3}"
	ProjectSection(ProjectDependencies) = postProject
		{DF9D9AB3-13CB-4046-92A2-21AD1762084C} = {DF9D9AB3-13CB-4046-92A2-21AD1762084C}
	EndProjectSection
EndProject
Global
	GlobalSection(SolutionConfigurationPlatforms) = preSolution
		Debug|Any CPU = Debug|Any CPU
		Release|Any CPU = Release|Any CPU
	EndGlobalSection
	GlobalSection(ProjectConfigurationPlatforms) = postSolution
		{DF9D9AB3-13CB-4046-92A2-21AD1762084C}.Debug|Any CPU.ActiveCfg = Debug|Any CPU
		{DF9D9AB3-13CB-4046-92A2-21AD1762084C}.Debug|Any CPU.Build.0 = Debug|Any CPU
		{DF9D9AB3-13CB-4046-92A2-21AD1762084C}.Release|Any CPU.ActiveCfg = Release|Any CPU
		{DF9D9AB3-13CB-4046-92A2-21AD1762084C}.Release|Any CPU.Build.0 = Release|Any CPU
		{A71BE853-85AB-4EB9-9CAB-BD7BB8FDE8C3}.Debug|Any CPU.ActiveCfg = Debug|Any CPU
		{A71BE853-85AB-4EB9-9CAB-BD7BB8FDE8C3}.Debug|Any CPU.Build.0 = Debug|Any CPU
		{A71BE853-85AB-4EB9-9CAB-BD7BB8FDE8C3}.Release|Any CPU.ActiveCfg = Release|Any CPU
		{A71BE853-85AB-4EB9-9CAB-BD7BB8FDE8C3}.Release|Any CPU.Build.0 = Release|Any CPU
	EndGlobalSection
	GlobalSection(SolutionProperties) = preSolution
		HideSolutionNode = FALSE
	EndGlobalSection
	GlobalSection(ExtensibilityGlobals) = postSolution
		SolutionGuid = {93F7D0BF-AAF0-4D9C-BB8D-2FC684E19933}
	EndGlobalSection
EndGlobal
